
Microsoft Visual Studio Solution File, Format Version 12.00
# Visual Studio Version 17
VisualStudioVersion = 17.2.32630.192
MinimumVisualStudioVersion = 15.0.26124.0
Project("{2150E333-8FDC-42A3-9474-1A3956D46DE8}") = "src", "src", "{F6E10509-D2C4-4835-9C1E-BE5429593C24}"
EndProject
Project("{9A19103F-16F7-4668-BE54-9A1E7A4F7556}") = "SeeLive.Identity.Api", "src\SeeLive.Identity.Api\SeeLive.Identity.Api.csproj", "{9B5E91A7-6E6B-40C3-81A4-A3DD9A0B191B}"
EndProject
Project("{9A19103F-16F7-4668-BE54-9A1E7A4F7556}") = "SeeLive.Api", "src\SeeLive.Api\SeeLive.Api.csproj", "{84FA9E3C-44A0-4BAD-AC99-6BC669736787}"
EndProject
Project("{9A19103F-16F7-4668-BE54-9A1E7A4F7556}") = "SeeLive.Identity.TestClient", "src\SeeLive.Identity.TestClient\SeeLive.Identity.TestClient.csproj", "{E9C555F9-97C4-4422-BD29-12579C5EEAC2}"
EndProject
Project("{9A19103F-16F7-4668-BE54-9A1E7A4F7556}") = "SeeLive.Domain", "src\SeeLive.Domain\SeeLive.Domain.csproj", "{94E23FAC-FAF0-411F-A97B-E8529CD012EB}"
EndProject
Project("{9A19103F-16F7-4668-BE54-9A1E7A4F7556}") = "SeeLive.Infrastructure", "src\SeeLive.Infrastructure\SeeLive.Infrastructure.csproj", "{2BE28B8D-A592-4821-801F-4BAA6BAA13F5}"
EndProject
Project("{2150E333-8FDC-42A3-9474-1A3956D46DE8}") = "documents", "documents", "{97E3359B-E108-4A62-B3F4-1055606D9976}"
	ProjectSection(SolutionItems) = preProject
		ReadMe.md = ReadMe.md
	EndProjectSection
EndProject
Project("{9A19103F-16F7-4668-BE54-9A1E7A4F7556}") = "SeeLive.Api.UnitTests", "src\SeeLive.UnitTests\SeeLive.Api.UnitTests.csproj", "{5B24AD75-CD59-47C9-ABFD-EA977CFEC674}"
EndProject
Project("{2150E333-8FDC-42A3-9474-1A3956D46DE8}") = "Services", "Services", "{FCFE6227-AE24-441D-821B-0513933808E5}"
EndProject
Project("{2150E333-8FDC-42A3-9474-1A3956D46DE8}") = "Gateways", "Gateways", "{1B51B87B-D312-41D3-8DC5-3AD93EC41491}"
EndProject
Project("{9A19103F-16F7-4668-BE54-9A1E7A4F7556}") = "SeeLive.Web.Gateway.Api", "src\SeeLive.Gateway.Api\SeeLive.Web.Gateway.Api.csproj", "{F18E7173-1D00-46C3-8ED0-EE7D67D5508C}"
EndProject
Project("{2150E333-8FDC-42A3-9474-1A3956D46DE8}") = "Web", "Web", "{8FB442CF-DB3E-47BE-8082-5791FBE2C5B6}"
EndProject
Project("{9A19103F-16F7-4668-BE54-9A1E7A4F7556}") = "SeeLive.Abstractions", "SeeLive.Abstractions\SeeLive.Abstractions.csproj", "{A20B09EE-87E3-4D0C-B8A6-A2787E59FC86}"
EndProject
Project("{2150E333-8FDC-42A3-9474-1A3956D46DE8}") = "Tests", "Tests", "{AD4D66C1-3CF0-46AD-8ACE-65CF1653D1D4}"
EndProject
Global
	GlobalSection(SolutionConfigurationPlatforms) = preSolution
		Debug|Any CPU = Debug|Any CPU
		Debug|x64 = Debug|x64
		Debug|x86 = Debug|x86
		Release|Any CPU = Release|Any CPU
		Release|x64 = Release|x64
		Release|x86 = Release|x86
	EndGlobalSection
	GlobalSection(ProjectConfigurationPlatforms) = postSolution
		{9B5E91A7-6E6B-40C3-81A4-A3DD9A0B191B}.Debug|Any CPU.ActiveCfg = Debug|Any CPU
		{9B5E91A7-6E6B-40C3-81A4-A3DD9A0B191B}.Debug|Any CPU.Build.0 = Debug|Any CPU
		{9B5E91A7-6E6B-40C3-81A4-A3DD9A0B191B}.Debug|x64.ActiveCfg = Debug|Any CPU
		{9B5E91A7-6E6B-40C3-81A4-A3DD9A0B191B}.Debug|x64.Build.0 = Debug|Any CPU
		{9B5E91A7-6E6B-40C3-81A4-A3DD9A0B191B}.Debug|x86.ActiveCfg = Debug|Any CPU
		{9B5E91A7-6E6B-40C3-81A4-A3DD9A0B191B}.Debug|x86.Build.0 = Debug|Any CPU
		{9B5E91A7-6E6B-40C3-81A4-A3DD9A0B191B}.Release|Any CPU.ActiveCfg = Release|Any CPU
		{9B5E91A7-6E6B-40C3-81A4-A3DD9A0B191B}.Release|Any CPU.Build.0 = Release|Any CPU
		{9B5E91A7-6E6B-40C3-81A4-A3DD9A0B191B}.Release|x64.ActiveCfg = Release|Any CPU
		{9B5E91A7-6E6B-40C3-81A4-A3DD9A0B191B}.Release|x64.Build.0 = Release|Any CPU
		{9B5E91A7-6E6B-40C3-81A4-A3DD9A0B191B}.Release|x86.ActiveCfg = Release|Any CPU
		{9B5E91A7-6E6B-40C3-81A4-A3DD9A0B191B}.Release|x86.Build.0 = Release|Any CPU
		{84FA9E3C-44A0-4BAD-AC99-6BC669736787}.Debug|Any CPU.ActiveCfg = Debug|Any CPU
		{84FA9E3C-44A0-4BAD-AC99-6BC669736787}.Debug|Any CPU.Build.0 = Debug|Any CPU
		{84FA9E3C-44A0-4BAD-AC99-6BC669736787}.Debug|x64.ActiveCfg = Debug|Any CPU
		{84FA9E3C-44A0-4BAD-AC99-6BC669736787}.Debug|x64.Build.0 = Debug|Any CPU
		{84FA9E3C-44A0-4BAD-AC99-6BC669736787}.Debug|x86.ActiveCfg = Debug|Any CPU
		{84FA9E3C-44A0-4BAD-AC99-6BC669736787}.Debug|x86.Build.0 = Debug|Any CPU
		{84FA9E3C-44A0-4BAD-AC99-6BC669736787}.Release|Any CPU.ActiveCfg = Release|Any CPU
		{84FA9E3C-44A0-4BAD-AC99-6BC669736787}.Release|Any CPU.Build.0 = Release|Any CPU
		{84FA9E3C-44A0-4BAD-AC99-6BC669736787}.Release|x64.ActiveCfg = Release|Any CPU
		{84FA9E3C-44A0-4BAD-AC99-6BC669736787}.Release|x64.Build.0 = Release|Any CPU
		{84FA9E3C-44A0-4BAD-AC99-6BC669736787}.Release|x86.ActiveCfg = Release|Any CPU
		{84FA9E3C-44A0-4BAD-AC99-6BC669736787}.Release|x86.Build.0 = Release|Any CPU
		{E9C555F9-97C4-4422-BD29-12579C5EEAC2}.Debug|Any CPU.ActiveCfg = Debug|Any CPU
		{E9C555F9-97C4-4422-BD29-12579C5EEAC2}.Debug|Any CPU.Build.0 = Debug|Any CPU
		{E9C555F9-97C4-4422-BD29-12579C5EEAC2}.Debug|x64.ActiveCfg = Debug|Any CPU
		{E9C555F9-97C4-4422-BD29-12579C5EEAC2}.Debug|x64.Build.0 = Debug|Any CPU
		{E9C555F9-97C4-4422-BD29-12579C5EEAC2}.Debug|x86.ActiveCfg = Debug|Any CPU
		{E9C555F9-97C4-4422-BD29-12579C5EEAC2}.Debug|x86.Build.0 = Debug|Any CPU
		{E9C555F9-97C4-4422-BD29-12579C5EEAC2}.Release|Any CPU.ActiveCfg = Release|Any CPU
		{E9C555F9-97C4-4422-BD29-12579C5EEAC2}.Release|Any CPU.Build.0 = Release|Any CPU
		{E9C555F9-97C4-4422-BD29-12579C5EEAC2}.Release|x64.ActiveCfg = Release|Any CPU
		{E9C555F9-97C4-4422-BD29-12579C5EEAC2}.Release|x64.Build.0 = Release|Any CPU
		{E9C555F9-97C4-4422-BD29-12579C5EEAC2}.Release|x86.ActiveCfg = Release|Any CPU
		{E9C555F9-97C4-4422-BD29-12579C5EEAC2}.Release|x86.Build.0 = Release|Any CPU
		{94E23FAC-FAF0-411F-A97B-E8529CD012EB}.Debug|Any CPU.ActiveCfg = Debug|Any CPU
		{94E23FAC-FAF0-411F-A97B-E8529CD012EB}.Debug|Any CPU.Build.0 = Debug|Any CPU
		{94E23FAC-FAF0-411F-A97B-E8529CD012EB}.Debug|x64.ActiveCfg = Debug|Any CPU
		{94E23FAC-FAF0-411F-A97B-E8529CD012EB}.Debug|x64.Build.0 = Debug|Any CPU
		{94E23FAC-FAF0-411F-A97B-E8529CD012EB}.Debug|x86.ActiveCfg = Debug|Any CPU
		{94E23FAC-FAF0-411F-A97B-E8529CD012EB}.Debug|x86.Build.0 = Debug|Any CPU
		{94E23FAC-FAF0-411F-A97B-E8529CD012EB}.Release|Any CPU.ActiveCfg = Release|Any CPU
		{94E23FAC-FAF0-411F-A97B-E8529CD012EB}.Release|Any CPU.Build.0 = Release|Any CPU
		{94E23FAC-FAF0-411F-A97B-E8529CD012EB}.Release|x64.ActiveCfg = Release|Any CPU
		{94E23FAC-FAF0-411F-A97B-E8529CD012EB}.Release|x64.Build.0 = Release|Any CPU
		{94E23FAC-FAF0-411F-A97B-E8529CD012EB}.Release|x86.ActiveCfg = Release|Any CPU
		{94E23FAC-FAF0-411F-A97B-E8529CD012EB}.Release|x86.Build.0 = Release|Any CPU
		{2BE28B8D-A592-4821-801F-4BAA6BAA13F5}.Debug|Any CPU.ActiveCfg = Debug|Any CPU
		{2BE28B8D-A592-4821-801F-4BAA6BAA13F5}.Debug|Any CPU.Build.0 = Debug|Any CPU
		{2BE28B8D-A592-4821-801F-4BAA6BAA13F5}.Debug|x64.ActiveCfg = Debug|Any CPU
		{2BE28B8D-A592-4821-801F-4BAA6BAA13F5}.Debug|x64.Build.0 = Debug|Any CPU
		{2BE28B8D-A592-4821-801F-4BAA6BAA13F5}.Debug|x86.ActiveCfg = Debug|Any CPU
		{2BE28B8D-A592-4821-801F-4BAA6BAA13F5}.Debug|x86.Build.0 = Debug|Any CPU
		{2BE28B8D-A592-4821-801F-4BAA6BAA13F5}.Release|Any CPU.ActiveCfg = Release|Any CPU
		{2BE28B8D-A592-4821-801F-4BAA6BAA13F5}.Release|Any CPU.Build.0 = Release|Any CPU
		{2BE28B8D-A592-4821-801F-4BAA6BAA13F5}.Release|x64.ActiveCfg = Release|Any CPU
		{2BE28B8D-A592-4821-801F-4BAA6BAA13F5}.Release|x64.Build.0 = Release|Any CPU
		{2BE28B8D-A592-4821-801F-4BAA6BAA13F5}.Release|x86.ActiveCfg = Release|Any CPU
		{2BE28B8D-A592-4821-801F-4BAA6BAA13F5}.Release|x86.Build.0 = Release|Any CPU
		{5B24AD75-CD59-47C9-ABFD-EA977CFEC674}.Debug|Any CPU.ActiveCfg = Debug|Any CPU
		{5B24AD75-CD59-47C9-ABFD-EA977CFEC674}.Debug|Any CPU.Build.0 = Debug|Any CPU
		{5B24AD75-CD59-47C9-ABFD-EA977CFEC674}.Debug|x64.ActiveCfg = Debug|Any CPU
		{5B24AD75-CD59-47C9-ABFD-EA977CFEC674}.Debug|x64.Build.0 = Debug|Any CPU
		{5B24AD75-CD59-47C9-ABFD-EA977CFEC674}.Debug|x86.ActiveCfg = Debug|Any CPU
		{5B24AD75-CD59-47C9-ABFD-EA977CFEC674}.Debug|x86.Build.0 = Debug|Any CPU
		{5B24AD75-CD59-47C9-ABFD-EA977CFEC674}.Release|Any CPU.ActiveCfg = Release|Any CPU
		{5B24AD75-CD59-47C9-ABFD-EA977CFEC674}.Release|Any CPU.Build.0 = Release|Any CPU
		{5B24AD75-CD59-47C9-ABFD-EA977CFEC674}.Release|x64.ActiveCfg = Release|Any CPU
		{5B24AD75-CD59-47C9-ABFD-EA977CFEC674}.Release|x64.Build.0 = Release|Any CPU
		{5B24AD75-CD59-47C9-ABFD-EA977CFEC674}.Release|x86.ActiveCfg = Release|Any CPU
		{5B24AD75-CD59-47C9-ABFD-EA977CFEC674}.Release|x86.Build.0 = Release|Any CPU
		{F18E7173-1D00-46C3-8ED0-EE7D67D5508C}.Debug|Any CPU.ActiveCfg = Debug|Any CPU
		{F18E7173-1D00-46C3-8ED0-EE7D67D5508C}.Debug|Any CPU.Build.0 = Debug|Any CPU
		{F18E7173-1D00-46C3-8ED0-EE7D67D5508C}.Debug|x64.ActiveCfg = Debug|Any CPU
		{F18E7173-1D00-46C3-8ED0-EE7D67D5508C}.Debug|x64.Build.0 = Debug|Any CPU
		{F18E7173-1D00-46C3-8ED0-EE7D67D5508C}.Debug|x86.ActiveCfg = Debug|Any CPU
		{F18E7173-1D00-46C3-8ED0-EE7D67D5508C}.Debug|x86.Build.0 = Debug|Any CPU
		{F18E7173-1D00-46C3-8ED0-EE7D67D5508C}.Release|Any CPU.ActiveCfg = Release|Any CPU
		{F18E7173-1D00-46C3-8ED0-EE7D67D5508C}.Release|Any CPU.Build.0 = Release|Any CPU
		{F18E7173-1D00-46C3-8ED0-EE7D67D5508C}.Release|x64.ActiveCfg = Release|Any CPU
		{F18E7173-1D00-46C3-8ED0-EE7D67D5508C}.Release|x64.Build.0 = Release|Any CPU
		{F18E7173-1D00-46C3-8ED0-EE7D67D5508C}.Release|x86.ActiveCfg = Release|Any CPU
		{F18E7173-1D00-46C3-8ED0-EE7D67D5508C}.Release|x86.Build.0 = Release|Any CPU
		{A20B09EE-87E3-4D0C-B8A6-A2787E59FC86}.Debug|Any CPU.ActiveCfg = Debug|Any CPU
		{A20B09EE-87E3-4D0C-B8A6-A2787E59FC86}.Debug|Any CPU.Build.0 = Debug|Any CPU
		{A20B09EE-87E3-4D0C-B8A6-A2787E59FC86}.Debug|x64.ActiveCfg = Debug|Any CPU
		{A20B09EE-87E3-4D0C-B8A6-A2787E59FC86}.Debug|x64.Build.0 = Debug|Any CPU
		{A20B09EE-87E3-4D0C-B8A6-A2787E59FC86}.Debug|x86.ActiveCfg = Debug|Any CPU
		{A20B09EE-87E3-4D0C-B8A6-A2787E59FC86}.Debug|x86.Build.0 = Debug|Any CPU
		{A20B09EE-87E3-4D0C-B8A6-A2787E59FC86}.Release|Any CPU.ActiveCfg = Release|Any CPU
		{A20B09EE-87E3-4D0C-B8A6-A2787E59FC86}.Release|Any CPU.Build.0 = Release|Any CPU
		{A20B09EE-87E3-4D0C-B8A6-A2787E59FC86}.Release|x64.ActiveCfg = Release|Any CPU
		{A20B09EE-87E3-4D0C-B8A6-A2787E59FC86}.Release|x64.Build.0 = Release|Any CPU
		{A20B09EE-87E3-4D0C-B8A6-A2787E59FC86}.Release|x86.ActiveCfg = Release|Any CPU
		{A20B09EE-87E3-4D0C-B8A6-A2787E59FC86}.Release|x86.Build.0 = Release|Any CPU
	EndGlobalSection
	GlobalSection(SolutionProperties) = preSolution
		HideSolutionNode = FALSE
	EndGlobalSection
	GlobalSection(NestedProjects) = preSolution
		{9B5E91A7-6E6B-40C3-81A4-A3DD9A0B191B} = {FCFE6227-AE24-441D-821B-0513933808E5}
		{84FA9E3C-44A0-4BAD-AC99-6BC669736787} = {FCFE6227-AE24-441D-821B-0513933808E5}
		{E9C555F9-97C4-4422-BD29-12579C5EEAC2} = {F6E10509-D2C4-4835-9C1E-BE5429593C24}
		{94E23FAC-FAF0-411F-A97B-E8529CD012EB} = {F6E10509-D2C4-4835-9C1E-BE5429593C24}
		{2BE28B8D-A592-4821-801F-4BAA6BAA13F5} = {F6E10509-D2C4-4835-9C1E-BE5429593C24}
		{5B24AD75-CD59-47C9-ABFD-EA977CFEC674} = {AD4D66C1-3CF0-46AD-8ACE-65CF1653D1D4}
		{FCFE6227-AE24-441D-821B-0513933808E5} = {F6E10509-D2C4-4835-9C1E-BE5429593C24}
		{1B51B87B-D312-41D3-8DC5-3AD93EC41491} = {F6E10509-D2C4-4835-9C1E-BE5429593C24}
		{F18E7173-1D00-46C3-8ED0-EE7D67D5508C} = {1B51B87B-D312-41D3-8DC5-3AD93EC41491}
		{8FB442CF-DB3E-47BE-8082-5791FBE2C5B6} = {F6E10509-D2C4-4835-9C1E-BE5429593C24}
		{A20B09EE-87E3-4D0C-B8A6-A2787E59FC86} = {F6E10509-D2C4-4835-9C1E-BE5429593C24}
		{AD4D66C1-3CF0-46AD-8ACE-65CF1653D1D4} = {F6E10509-D2C4-4835-9C1E-BE5429593C24}
	EndGlobalSection
	GlobalSection(ExtensibilityGlobals) = postSolution
		SolutionGuid = {9293607C-8DD1-4AD6-86CC-4A060909D1DC}
	EndGlobalSection
EndGlobal
