
Microsoft Visual Studio Solution File, Format Version 12.00
# Visual Studio 15
VisualStudioVersion = 15.0.26124.0
MinimumVisualStudioVersion = 15.0.26124.0
Project("{2150E333-8FDC-42A3-9474-1A3956D46DE8}") = "src", "src", "{F6E10509-D2C4-4835-9C1E-BE5429593C24}"
EndProject
Project("{FAE04EC0-301F-11D3-BF4B-00C04F79EFBC}") = "SeeLive.Identity.Api", "src\SeeLive.Identity.Api\SeeLive.Identity.Api.csproj", "{9B5E91A7-6E6B-40C3-81A4-A3DD9A0B191B}"
EndProject
Project("{FAE04EC0-301F-11D3-BF4B-00C04F79EFBC}") = "SeeLive.Application.Api", "src\SeeLive.Application.Api\SeeLive.Application.Api.csproj", "{84FA9E3C-44A0-4BAD-AC99-6BC669736787}"
EndProject
Global
	GlobalSection(SolutionConfigurationPlatforms) = preSolution
		Debug|Any CPU = Debug|Any CPU
		Debug|x64 = Debug|x64
		Debug|x86 = Debug|x86
		Release|Any CPU = Release|Any CPU
		Release|x64 = Release|x64
		Release|x86 = Release|x86
	EndGlobalSection
	GlobalSection(SolutionProperties) = preSolution
		HideSolutionNode = FALSE
	EndGlobalSection
	GlobalSection(ProjectConfigurationPlatforms) = postSolution
		{9B5E91A7-6E6B-40C3-81A4-A3DD9A0B191B}.Debug|Any CPU.ActiveCfg = Debug|Any CPU
		{9B5E91A7-6E6B-40C3-81A4-A3DD9A0B191B}.Debug|Any CPU.Build.0 = Debug|Any CPU
		{9B5E91A7-6E6B-40C3-81A4-A3DD9A0B191B}.Debug|x64.ActiveCfg = Debug|Any CPU
		{9B5E91A7-6E6B-40C3-81A4-A3DD9A0B191B}.Debug|x64.Build.0 = Debug|Any CPU
		{9B5E91A7-6E6B-40C3-81A4-A3DD9A0B191B}.Debug|x86.ActiveCfg = Debug|Any CPU
		{9B5E91A7-6E6B-40C3-81A4-A3DD9A0B191B}.Debug|x86.Build.0 = Debug|Any CPU
		{9B5E91A7-6E6B-40C3-81A4-A3DD9A0B191B}.Release|Any CPU.ActiveCfg = Release|Any CPU
		{9B5E91A7-6E6B-40C3-81A4-A3DD9A0B191B}.Release|Any CPU.Build.0 = Release|Any CPU
		{9B5E91A7-6E6B-40C3-81A4-A3DD9A0B191B}.Release|x64.ActiveCfg = Release|Any CPU
		{9B5E91A7-6E6B-40C3-81A4-A3DD9A0B191B}.Release|x64.Build.0 = Release|Any CPU
		{9B5E91A7-6E6B-40C3-81A4-A3DD9A0B191B}.Release|x86.ActiveCfg = Release|Any CPU
		{9B5E91A7-6E6B-40C3-81A4-A3DD9A0B191B}.Release|x86.Build.0 = Release|Any CPU
		{84FA9E3C-44A0-4BAD-AC99-6BC669736787}.Debug|Any CPU.ActiveCfg = Debug|Any CPU
		{84FA9E3C-44A0-4BAD-AC99-6BC669736787}.Debug|Any CPU.Build.0 = Debug|Any CPU
		{84FA9E3C-44A0-4BAD-AC99-6BC669736787}.Debug|x64.ActiveCfg = Debug|Any CPU
		{84FA9E3C-44A0-4BAD-AC99-6BC669736787}.Debug|x64.Build.0 = Debug|Any CPU
		{84FA9E3C-44A0-4BAD-AC99-6BC669736787}.Debug|x86.ActiveCfg = Debug|Any CPU
		{84FA9E3C-44A0-4BAD-AC99-6BC669736787}.Debug|x86.Build.0 = Debug|Any CPU
		{84FA9E3C-44A0-4BAD-AC99-6BC669736787}.Release|Any CPU.ActiveCfg = Release|Any CPU
		{84FA9E3C-44A0-4BAD-AC99-6BC669736787}.Release|Any CPU.Build.0 = Release|Any CPU
		{84FA9E3C-44A0-4BAD-AC99-6BC669736787}.Release|x64.ActiveCfg = Release|Any CPU
		{84FA9E3C-44A0-4BAD-AC99-6BC669736787}.Release|x64.Build.0 = Release|Any CPU
		{84FA9E3C-44A0-4BAD-AC99-6BC669736787}.Release|x86.ActiveCfg = Release|Any CPU
		{84FA9E3C-44A0-4BAD-AC99-6BC669736787}.Release|x86.Build.0 = Release|Any CPU
	EndGlobalSection
	GlobalSection(NestedProjects) = preSolution
		{9B5E91A7-6E6B-40C3-81A4-A3DD9A0B191B} = {F6E10509-D2C4-4835-9C1E-BE5429593C24}
		{84FA9E3C-44A0-4BAD-AC99-6BC669736787} = {F6E10509-D2C4-4835-9C1E-BE5429593C24}
	EndGlobalSection
EndGlobal
